
Microsoft Visual Studio Solution File, Format Version 12.00
# Visual Studio 2017
Project("{FAE04EC0-301F-11D3-BF4B-00C04F79EFBC}") = "CS399_Proj4", "CS399_Proj4.csproj", "{ACD02E7D-C7D3-F309-03A3-3E9559E757D1}"
EndProject
Global
	GlobalSection(SolutionConfigurationPlatforms) = preSolution
		Debug|Any CPU = Debug|Any CPU
		Release|Any CPU = Release|Any CPU
	EndGlobalSection
	GlobalSection(ProjectConfigurationPlatforms) = postSolution
		{ACD02E7D-C7D3-F309-03A3-3E9559E757D1}.Debug|Any CPU.ActiveCfg = Debug|Any CPU
		{ACD02E7D-C7D3-F309-03A3-3E9559E757D1}.Debug|Any CPU.Build.0 = Debug|Any CPU
		{ACD02E7D-C7D3-F309-03A3-3E9559E757D1}.Release|Any CPU.ActiveCfg = Release|Any CPU
		{ACD02E7D-C7D3-F309-03A3-3E9559E757D1}.Release|Any CPU.Build.0 = Release|Any CPU
	EndGlobalSection
	GlobalSection(SolutionProperties) = preSolution
		HideSolutionNode = FALSE
	EndGlobalSection
EndGlobal
